<?xml version="1.0" encoding="utf-8"?>
<Project ToolsVersion="4.0" xmlns="http://schemas.microsoft.com/developer/msbuild/2003">
  <ItemGroup>
    <Filter Include="Source Files">
      <UniqueIdentifier>{4FC737F1-C7A5-4376-A066-2A32D752A2FF}</UniqueIdentifier>
      <Extensions>cpp;c;cc;cxx;def;odl;idl;hpj;bat;asm;asmx</Extensions>
    </Filter>
    <Filter Include="Source Files\concurrency">
      <UniqueIdentifier>{c470728a-5e7f-4d0f-afe4-3b0cac951b90}</UniqueIdentifier>
    </Filter>
    <Filter Include="Source Files\test">
      <UniqueIdentifier>{eb2ee6f2-8dd1-4683-baa4-9a2494eb2944}</UniqueIdentifier>
    </Filter>
    <Filter Include="Source Files\mandelbrot">
      <UniqueIdentifier>{f29f7527-7b98-42df-9a6a-37d5140ede75}</UniqueIdentifier>
    </Filter>
    <Filter Include="Source Files\mandelbrot\cfg">
      <UniqueIdentifier>{fe44dc92-8a7f-4487-9132-a809cc6db078}</UniqueIdentifier>
    </Filter>
  </ItemGroup>
  <ItemGroup>
    <ClCompile Include="test\test_mandelbrot.cpp">
      <Filter>Source Files\test</Filter>
    </ClCompile>
  </ItemGroup>
  <ItemGroup>
    <ClInclude Include="mandelbrot\mandelbrot.h">
      <Filter>Source Files\mandelbrot</Filter>
    </ClInclude>
    <ClInclude Include="mandelbrot\mandelbrot_color.h">
      <Filter>Source Files\mandelbrot</Filter>
    </ClInclude>
    <ClInclude Include="concurrency\parallel_for.h">
      <Filter>Source Files\concurrency</Filter>
    </ClInclude>
    <ClInclude Include="mandelbrot\cfg\mandelbrot_cfg_MANDELBROT_01_FULL.h">
      <Filter>Source Files\mandelbrot\cfg</Filter>
    </ClInclude>
    <ClInclude Include="mandelbrot\cfg\mandelbrot_cfg_MANDELBROT_05_SEAHORSES.h">
      <Filter>Source Files\mandelbrot\cfg</Filter>
    </ClInclude>
    <ClInclude Include="mandelbrot\cfg\mandelbrot_cfg.h">
      <Filter>Source Files\mandelbrot\cfg</Filter>
    </ClInclude>
    <ClInclude Include="mandelbrot\cfg\mandelbrot_cfg_MANDELBROT_20_ZOOM_VERY_DEEP_00.h">
      <Filter>Source Files\mandelbrot\cfg</Filter>
    </ClInclude>
    <ClInclude Include="mandelbrot\cfg\mandelbrot_cfg_MANDELBROT_03_TOP.h">
      <Filter>Source Files\mandelbrot\cfg</Filter>
    </ClInclude>
    <ClInclude Include="mandelbrot\cfg\mandelbrot_cfg_MANDELBROT_04_SWIRL.h">
      <Filter>Source Files\mandelbrot\cfg</Filter>
    </ClInclude>
    <ClInclude Include="mandelbrot\cfg\mandelbrot_cfg_MANDELBROT_06_BRANCHES.h">
      <Filter>Source Files\mandelbrot\cfg</Filter>
    </ClInclude>
    <ClInclude Include="mandelbrot\cfg\mandelbrot_cfg_MANDELBROT_07_SEAHORSE_VALLEY.h">
      <Filter>Source Files\mandelbrot\cfg</Filter>
    </ClInclude>
    <ClInclude Include="mandelbrot\cfg\mandelbrot_cfg_MANDELBROT_08_DEEP_DIVE_01.h">
      <Filter>Source Files\mandelbrot\cfg</Filter>
    </ClInclude>
    <ClInclude Include="mandelbrot\cfg\mandelbrot_cfg_MANDELBROT_09_DEEP_DIVE_02.h">
      <Filter>Source Files\mandelbrot\cfg</Filter>
    </ClInclude>
    <ClInclude Include="mandelbrot\cfg\mandelbrot_cfg_MANDELBROT_10_ZOOM_WIKI_00.h">
      <Filter>Source Files\mandelbrot\cfg</Filter>
    </ClInclude>
    <ClInclude Include="mandelbrot\cfg\mandelbrot_cfg_MANDELBROT_11_ZOOM_WIKI_01.h">
      <Filter>Source Files\mandelbrot\cfg</Filter>
    </ClInclude>
    <ClInclude Include="mandelbrot\cfg\mandelbrot_cfg_MANDELBROT_12_ZOOM_WIKI_02.h">
      <Filter>Source Files\mandelbrot\cfg</Filter>
    </ClInclude>
    <ClInclude Include="mandelbrot\cfg\mandelbrot_cfg_MANDELBROT_30_ZOOM_ANOTHER_00.h">
      <Filter>Source Files\mandelbrot\cfg</Filter>
    </ClInclude>
    <ClInclude Include="mandelbrot\cfg\mandelbrot_cfg_MANDELBROT_31_ZOOM_ANOTHER_01.h">
      <Filter>Source Files\mandelbrot\cfg</Filter>
    </ClInclude>
    <ClInclude Include="mandelbrot\cfg\mandelbrot_cfg_MANDELBROT_32_ZOOM_ANOTHER_02.h">
      <Filter>Source Files\mandelbrot\cfg</Filter>
    </ClInclude>
    <ClInclude Include="mandelbrot\cfg\mandelbrot_cfg_MANDELBROT_13_ZOOM_WIKI_03.h">
      <Filter>Source Files\mandelbrot\cfg</Filter>
    </ClInclude>
    <ClInclude Include="mandelbrot\cfg\mandelbrot_cfg_MANDELBROT_14_ZOOM_WIKI_04.h">
      <Filter>Source Files\mandelbrot\cfg</Filter>
    </ClInclude>
    <ClInclude Include="concurrency\stopwatch.h">
      <Filter>Source Files\concurrency</Filter>
    </ClInclude>
    <ClInclude Include="mandelbrot\cfg\mandelbrot_cfg_MANDELBROT_40_SEAHORSE_DIVE_01.h">
      <Filter>Source Files\mandelbrot\cfg</Filter>
    </ClInclude>
    <ClInclude Include="mandelbrot\cfg\mandelbrot_cfg_MANDELBROT_45_SEAHORSE_OTHER_01_magnify51.h">
      <Filter>Source Files\mandelbrot\cfg</Filter>
    </ClInclude>
    <ClInclude Include="mandelbrot\cfg\mandelbrot_cfg_MANDELBROT_20_ZOOM_VERY_DEEP_00_magnify51.h">
      <Filter>Source Files\mandelbrot\cfg</Filter>
    </ClInclude>
    <ClInclude Include="mandelbrot\cfg\mandelbrot_cfg_MANDELBROT_30_ZOOM_ANOTHER_00_magnify51.h">
      <Filter>Source Files\mandelbrot\cfg</Filter>
    </ClInclude>
    <ClInclude Include="mandelbrot\cfg\mandelbrot_cfg_MANDELBROT_50_TENDRIL_AREA_01_magnify51.h">
      <Filter>Source Files\mandelbrot\cfg</Filter>
    </ClInclude>
    <ClInclude Include="mandelbrot\cfg\mandelbrot_cfg_MANDELBROT_08_DEEP_DIVE_01_magnify51.h">
      <Filter>Source Files\mandelbrot\cfg</Filter>
    </ClInclude>
    <ClInclude Include="mandelbrot\cfg\mandelbrot_cfg_MANDELBROT_60_SATELITE_REGION_01.h">
      <Filter>Source Files\mandelbrot\cfg</Filter>
    </ClInclude>
    <ClInclude Include="mandelbrot\cfg\mandelbrot_cfg_MANDELBROT_70_DOUADY_RABBIT_01.h">
      <Filter>Source Files\mandelbrot\cfg</Filter>
    </ClInclude>
    <ClInclude Include="mandelbrot\cfg\mandelbrot_cfg_MANDELBROT_70_DOUADY_RABBIT_03.h">
      <Filter>Source Files\mandelbrot\cfg</Filter>
    </ClInclude>
    <ClInclude Include="mandelbrot\cfg\mandelbrot_cfg_MANDELBROT_25_ZOOM_SEARCH_00.h">
      <Filter>Source Files\mandelbrot\cfg</Filter>
    </ClInclude>
  </ItemGroup>
  <ItemGroup>
    <None Include=".clang-tidy" />
    <None Include="codecov.yml" />
    <None Include="lgtm.yml" />
    <None Include="sonar-project.properties" />
  </ItemGroup>
  <ItemGroup>
    <Text Include="LICENSE_1_0.txt" />
  </ItemGroup>
</Project>