<?xml version="1.0" encoding="utf-8"?>
<Project ToolsVersion="4.0" xmlns="http://schemas.microsoft.com/developer/msbuild/2003">
  <ItemGroup>
    <Filter Include="zlib-1.3.1.1-2024">
      <UniqueIdentifier>{4FC737F1-C7A5-4376-A066-2A32D752A2FF}</UniqueIdentifier>
      <Extensions>cpp;c;cc;cxx;c++;cppm;ixx;def;odl;idl;hpj;bat;asm;asmx</Extensions>
    </Filter>
  </ItemGroup>
  <ItemGroup>
    <ClCompile Include="zlib-1.3.1.1-2024\infback.c">
      <Filter>zlib-1.3.1.1-2024</Filter>
    </ClCompile>
    <ClCompile Include="zlib-1.3.1.1-2024\inffast.c">
      <Filter>zlib-1.3.1.1-2024</Filter>
    </ClCompile>
    <ClCompile Include="zlib-1.3.1.1-2024\inflate.c">
      <Filter>zlib-1.3.1.1-2024</Filter>
    </ClCompile>
    <ClCompile Include="zlib-1.3.1.1-2024\inftrees.c">
      <Filter>zlib-1.3.1.1-2024</Filter>
    </ClCompile>
    <ClCompile Include="zlib-1.3.1.1-2024\trees.c">
      <Filter>zlib-1.3.1.1-2024</Filter>
    </ClCompile>
    <ClCompile Include="zlib-1.3.1.1-2024\uncompr.c">
      <Filter>zlib-1.3.1.1-2024</Filter>
    </ClCompile>
    <ClCompile Include="zlib-1.3.1.1-2024\zutil.c">
      <Filter>zlib-1.3.1.1-2024</Filter>
    </ClCompile>
    <ClCompile Include="zlib-1.3.1.1-2024\adler32.c">
      <Filter>zlib-1.3.1.1-2024</Filter>
    </ClCompile>
    <ClCompile Include="zlib-1.3.1.1-2024\compress.c">
      <Filter>zlib-1.3.1.1-2024</Filter>
    </ClCompile>
    <ClCompile Include="zlib-1.3.1.1-2024\crc32.c">
      <Filter>zlib-1.3.1.1-2024</Filter>
    </ClCompile>
    <ClCompile Include="zlib-1.3.1.1-2024\deflate.c">
      <Filter>zlib-1.3.1.1-2024</Filter>
    </ClCompile>
  </ItemGroup>
  <ItemGroup>
    <ClInclude Include="zlib-1.3.1.1-2024\inffast.h">
      <Filter>zlib-1.3.1.1-2024</Filter>
    </ClInclude>
    <ClInclude Include="zlib-1.3.1.1-2024\inffixed.h">
      <Filter>zlib-1.3.1.1-2024</Filter>
    </ClInclude>
    <ClInclude Include="zlib-1.3.1.1-2024\inflate.h">
      <Filter>zlib-1.3.1.1-2024</Filter>
    </ClInclude>
    <ClInclude Include="zlib-1.3.1.1-2024\inftrees.h">
      <Filter>zlib-1.3.1.1-2024</Filter>
    </ClInclude>
    <ClInclude Include="zlib-1.3.1.1-2024\trees.h">
      <Filter>zlib-1.3.1.1-2024</Filter>
    </ClInclude>
    <ClInclude Include="zlib-1.3.1.1-2024\zconf.h">
      <Filter>zlib-1.3.1.1-2024</Filter>
    </ClInclude>
    <ClInclude Include="zlib-1.3.1.1-2024\zlib.h">
      <Filter>zlib-1.3.1.1-2024</Filter>
    </ClInclude>
    <ClInclude Include="zlib-1.3.1.1-2024\zutil.h">
      <Filter>zlib-1.3.1.1-2024</Filter>
    </ClInclude>
    <ClInclude Include="zlib-1.3.1.1-2024\crc32.h">
      <Filter>zlib-1.3.1.1-2024</Filter>
    </ClInclude>
    <ClInclude Include="zlib-1.3.1.1-2024\deflate.h">
      <Filter>zlib-1.3.1.1-2024</Filter>
    </ClInclude>
  </ItemGroup>
  <ItemGroup>
    <None Include="Makefile" />
  </ItemGroup>
</Project>