<?xml version="1.0" encoding="utf-8"?>
<Project ToolsVersion="4.0" xmlns="http://schemas.microsoft.com/developer/msbuild/2003">
  <ItemGroup>
    <Filter Include="MandelbrotDiscovery">
      <UniqueIdentifier>{4FC737F1-C7A5-4376-A066-2A32D752A2FF}</UniqueIdentifier>
      <Extensions>cpp;c;cc;cxx;c++;cppm;ixx;def;odl;idl;hpj;bat;asm;asmx</Extensions>
    </Filter>
    <Filter Include="_doc">
      <UniqueIdentifier>{034a081b-19d0-421d-bc9e-64f78778af4c}</UniqueIdentifier>
    </Filter>
    <Filter Include="mandelbrot">
      <UniqueIdentifier>{de0d8cae-70cf-4e55-9cc5-911309601a15}</UniqueIdentifier>
    </Filter>
    <Filter Include="concurrency">
      <UniqueIdentifier>{dda69a90-a29e-43eb-96e8-d844de4988d2}</UniqueIdentifier>
    </Filter>
  </ItemGroup>
  <ItemGroup>
    <ClCompile Include="mandelbrot_discovery.cpp">
      <Filter>MandelbrotDiscovery</Filter>
    </ClCompile>
  </ItemGroup>
  <ItemGroup>
    <ClInclude Include="mandelbrot_discovery.h">
      <Filter>MandelbrotDiscovery</Filter>
    </ClInclude>
    <ClInclude Include="geometry.h">
      <Filter>MandelbrotDiscovery</Filter>
    </ClInclude>
    <ClInclude Include="utility.h">
      <Filter>MandelbrotDiscovery</Filter>
    </ClInclude>
    <ClInclude Include="..\mandelbrot\mandelbrot.h">
      <Filter>mandelbrot</Filter>
    </ClInclude>
    <ClInclude Include="..\mandelbrot\mandelbrot_color.h">
      <Filter>mandelbrot</Filter>
    </ClInclude>
    <ClInclude Include="..\mandelbrot\mandelbrot_generator_perturbative.h">
      <Filter>mandelbrot</Filter>
    </ClInclude>
    <ClInclude Include="..\mandelbrot\mandelbrot_generator_trivial.h">
      <Filter>mandelbrot</Filter>
    </ClInclude>
    <ClInclude Include="..\mandelbrot\text_output.h">
      <Filter>mandelbrot</Filter>
    </ClInclude>
    <ClInclude Include="..\concurrency\stopwatch.h">
      <Filter>concurrency</Filter>
    </ClInclude>
    <ClInclude Include="..\concurrency\parallel_for.h">
      <Filter>concurrency</Filter>
    </ClInclude>
    <ClInclude Include="resource.h">
      <Filter>MandelbrotDiscovery</Filter>
    </ClInclude>
  </ItemGroup>
  <ItemGroup>
    <ResourceCompile Include="MandelbrotDiscovery.rc">
      <Filter>MandelbrotDiscovery</Filter>
    </ResourceCompile>
  </ItemGroup>
  <ItemGroup>
    <None Include="readme.md">
      <Filter>_doc</Filter>
    </None>
  </ItemGroup>
  <ItemGroup>
    <Image Include="MandelbrotDiscovery.ico">
      <Filter>MandelbrotDiscovery</Filter>
    </Image>
  </ItemGroup>
</Project>